
Microsoft Visual Studio Solution File, Format Version 12.00
# Visual Studio Version 17
VisualStudioVersion = 17.8.34408.163
MinimumVisualStudioVersion = 10.0.40219.1
Project("{FAE04EC0-301F-11D3-BF4B-00C04F79EFBC}") = "RazorPagesMovie", "RazorPagesMovie\RazorPagesMovie.csproj", "{0B2C8F47-DE6F-430F-92A4-C8C865005CAF}"
EndProject
Global
	GlobalSection(SolutionConfigurationPlatforms) = preSolution
		Debug|Any CPU = Debug|Any CPU
		Release|Any CPU = Release|Any CPU
	EndGlobalSection
	GlobalSection(ProjectConfigurationPlatforms) = postSolution
		{0B2C8F47-DE6F-430F-92A4-C8C865005CAF}.Debug|Any CPU.ActiveCfg = Debug|Any CPU
		{0B2C8F47-DE6F-430F-92A4-C8C865005CAF}.Debug|Any CPU.Build.0 = Debug|Any CPU
		{0B2C8F47-DE6F-430F-92A4-C8C865005CAF}.Release|Any CPU.ActiveCfg = Release|Any CPU
		{0B2C8F47-DE6F-430F-92A4-C8C865005CAF}.Release|Any CPU.Build.0 = Release|Any CPU
	EndGlobalSection
	GlobalSection(SolutionProperties) = preSolution
		HideSolutionNode = FALSE
	EndGlobalSection
	GlobalSection(ExtensibilityGlobals) = postSolution
		SolutionGuid = {381AE464-CEA4-4688-91AB-38EE028E1E4C}
	EndGlobalSection
EndGlobal
